
Microsoft Visual Studio Solution File, Format Version 12.00
# Visual Studio 14
VisualStudioVersion = 14.0.25123.0
MinimumVisualStudioVersion = 10.0.40219.1
Project("{FAE04EC0-301F-11D3-BF4B-00C04F79EFBC}") = "FirstApp.Droid", "FirstApp\FirstApp.Droid\FirstApp.Droid.csproj", "{52D4D94B-E9B2-4025-8C38-2BC2CF248151}"
EndProject
Project("{FAE04EC0-301F-11D3-BF4B-00C04F79EFBC}") = "FirstApp.iOS", "FirstApp\FirstApp.iOS\FirstApp.iOS.csproj", "{AE74411D-50BB-4B82-9B61-61155E8F369D}"
EndProject
Project("{FAE04EC0-301F-11D3-BF4B-00C04F79EFBC}") = "FirstApp.WinPhone", "FirstApp\FirstApp.WinPhone\FirstApp.WinPhone.csproj", "{1135056F-808B-40BE-8D63-3CA376EC8CC4}"
EndProject
Project("{FAE04EC0-301F-11D3-BF4B-00C04F79EFBC}") = "FirstApp.UWP", "FirstApp\FirstApp.UWP\FirstApp.UWP.csproj", "{74001E59-DD65-4E4C-AFD2-07F134C12887}"
EndProject
Project("{FAE04EC0-301F-11D3-BF4B-00C04F79EFBC}") = "FirstApp.Windows", "FirstApp\FirstApp.Windows\FirstApp.Windows.csproj", "{90D87639-D7C4-44E1-A12D-A23BBDD6E430}"
EndProject
Project("{FAE04EC0-301F-11D3-BF4B-00C04F79EFBC}") = "FirstApp", "FirstApp\FirstApp\FirstApp.csproj", "{402A6087-6FA3-4ADD-B8FF-9083AF47BA4C}"
EndProject
Global
	GlobalSection(SolutionConfigurationPlatforms) = preSolution
		Ad-Hoc|Any CPU = Ad-Hoc|Any CPU
		Ad-Hoc|ARM = Ad-Hoc|ARM
		Ad-Hoc|iPhone = Ad-Hoc|iPhone
		Ad-Hoc|iPhoneSimulator = Ad-Hoc|iPhoneSimulator
		Ad-Hoc|x64 = Ad-Hoc|x64
		Ad-Hoc|x86 = Ad-Hoc|x86
		AppStore|Any CPU = AppStore|Any CPU
		AppStore|ARM = AppStore|ARM
		AppStore|iPhone = AppStore|iPhone
		AppStore|iPhoneSimulator = AppStore|iPhoneSimulator
		AppStore|x64 = AppStore|x64
		AppStore|x86 = AppStore|x86
		Debug|Any CPU = Debug|Any CPU
		Debug|ARM = Debug|ARM
		Debug|iPhone = Debug|iPhone
		Debug|iPhoneSimulator = Debug|iPhoneSimulator
		Debug|x64 = Debug|x64
		Debug|x86 = Debug|x86
		Release|Any CPU = Release|Any CPU
		Release|ARM = Release|ARM
		Release|iPhone = Release|iPhone
		Release|iPhoneSimulator = Release|iPhoneSimulator
		Release|x64 = Release|x64
		Release|x86 = Release|x86
	EndGlobalSection
	GlobalSection(ProjectConfigurationPlatforms) = postSolution
		{52D4D94B-E9B2-4025-8C38-2BC2CF248151}.Ad-Hoc|Any CPU.ActiveCfg = Release|Any CPU
		{52D4D94B-E9B2-4025-8C38-2BC2CF248151}.Ad-Hoc|Any CPU.Build.0 = Release|Any CPU
		{52D4D94B-E9B2-4025-8C38-2BC2CF248151}.Ad-Hoc|Any CPU.Deploy.0 = Release|Any CPU
		{52D4D94B-E9B2-4025-8C38-2BC2CF248151}.Ad-Hoc|ARM.ActiveCfg = Release|Any CPU
		{52D4D94B-E9B2-4025-8C38-2BC2CF248151}.Ad-Hoc|ARM.Build.0 = Release|Any CPU
		{52D4D94B-E9B2-4025-8C38-2BC2CF248151}.Ad-Hoc|ARM.Deploy.0 = Release|Any CPU
		{52D4D94B-E9B2-4025-8C38-2BC2CF248151}.Ad-Hoc|iPhone.ActiveCfg = Release|Any CPU
		{52D4D94B-E9B2-4025-8C38-2BC2CF248151}.Ad-Hoc|iPhone.Build.0 = Release|Any CPU
		{52D4D94B-E9B2-4025-8C38-2BC2CF248151}.Ad-Hoc|iPhone.Deploy.0 = Release|Any CPU
		{52D4D94B-E9B2-4025-8C38-2BC2CF248151}.Ad-Hoc|iPhoneSimulator.ActiveCfg = Release|Any CPU
		{52D4D94B-E9B2-4025-8C38-2BC2CF248151}.Ad-Hoc|iPhoneSimulator.Build.0 = Release|Any CPU
		{52D4D94B-E9B2-4025-8C38-2BC2CF248151}.Ad-Hoc|iPhoneSimulator.Deploy.0 = Release|Any CPU
		{52D4D94B-E9B2-4025-8C38-2BC2CF248151}.Ad-Hoc|x64.ActiveCfg = Release|Any CPU
		{52D4D94B-E9B2-4025-8C38-2BC2CF248151}.Ad-Hoc|x64.Build.0 = Release|Any CPU
		{52D4D94B-E9B2-4025-8C38-2BC2CF248151}.Ad-Hoc|x64.Deploy.0 = Release|Any CPU
		{52D4D94B-E9B2-4025-8C38-2BC2CF248151}.Ad-Hoc|x86.ActiveCfg = Release|Any CPU
		{52D4D94B-E9B2-4025-8C38-2BC2CF248151}.Ad-Hoc|x86.Build.0 = Release|Any CPU
		{52D4D94B-E9B2-4025-8C38-2BC2CF248151}.Ad-Hoc|x86.Deploy.0 = Release|Any CPU
		{52D4D94B-E9B2-4025-8C38-2BC2CF248151}.AppStore|Any CPU.ActiveCfg = Release|Any CPU
		{52D4D94B-E9B2-4025-8C38-2BC2CF248151}.AppStore|Any CPU.Build.0 = Release|Any CPU
		{52D4D94B-E9B2-4025-8C38-2BC2CF248151}.AppStore|Any CPU.Deploy.0 = Release|Any CPU
		{52D4D94B-E9B2-4025-8C38-2BC2CF248151}.AppStore|ARM.ActiveCfg = Release|Any CPU
		{52D4D94B-E9B2-4025-8C38-2BC2CF248151}.AppStore|ARM.Build.0 = Release|Any CPU
		{52D4D94B-E9B2-4025-8C38-2BC2CF248151}.AppStore|ARM.Deploy.0 = Release|Any CPU
		{52D4D94B-E9B2-4025-8C38-2BC2CF248151}.AppStore|iPhone.ActiveCfg = Release|Any CPU
		{52D4D94B-E9B2-4025-8C38-2BC2CF248151}.AppStore|iPhone.Build.0 = Release|Any CPU
		{52D4D94B-E9B2-4025-8C38-2BC2CF248151}.AppStore|iPhone.Deploy.0 = Release|Any CPU
		{52D4D94B-E9B2-4025-8C38-2BC2CF248151}.AppStore|iPhoneSimulator.ActiveCfg = Release|Any CPU
		{52D4D94B-E9B2-4025-8C38-2BC2CF248151}.AppStore|iPhoneSimulator.Build.0 = Release|Any CPU
		{52D4D94B-E9B2-4025-8C38-2BC2CF248151}.AppStore|iPhoneSimulator.Deploy.0 = Release|Any CPU
		{52D4D94B-E9B2-4025-8C38-2BC2CF248151}.AppStore|x64.ActiveCfg = Release|Any CPU
		{52D4D94B-E9B2-4025-8C38-2BC2CF248151}.AppStore|x64.Build.0 = Release|Any CPU
		{52D4D94B-E9B2-4025-8C38-2BC2CF248151}.AppStore|x64.Deploy.0 = Release|Any CPU
		{52D4D94B-E9B2-4025-8C38-2BC2CF248151}.AppStore|x86.ActiveCfg = Release|Any CPU
		{52D4D94B-E9B2-4025-8C38-2BC2CF248151}.AppStore|x86.Build.0 = Release|Any CPU
		{52D4D94B-E9B2-4025-8C38-2BC2CF248151}.AppStore|x86.Deploy.0 = Release|Any CPU
		{52D4D94B-E9B2-4025-8C38-2BC2CF248151}.Debug|Any CPU.ActiveCfg = Debug|Any CPU
		{52D4D94B-E9B2-4025-8C38-2BC2CF248151}.Debug|Any CPU.Build.0 = Debug|Any CPU
		{52D4D94B-E9B2-4025-8C38-2BC2CF248151}.Debug|Any CPU.Deploy.0 = Debug|Any CPU
		{52D4D94B-E9B2-4025-8C38-2BC2CF248151}.Debug|ARM.ActiveCfg = Debug|Any CPU
		{52D4D94B-E9B2-4025-8C38-2BC2CF248151}.Debug|ARM.Build.0 = Debug|Any CPU
		{52D4D94B-E9B2-4025-8C38-2BC2CF248151}.Debug|ARM.Deploy.0 = Debug|Any CPU
		{52D4D94B-E9B2-4025-8C38-2BC2CF248151}.Debug|iPhone.ActiveCfg = Debug|Any CPU
		{52D4D94B-E9B2-4025-8C38-2BC2CF248151}.Debug|iPhone.Build.0 = Debug|Any CPU
		{52D4D94B-E9B2-4025-8C38-2BC2CF248151}.Debug|iPhone.Deploy.0 = Debug|Any CPU
		{52D4D94B-E9B2-4025-8C38-2BC2CF248151}.Debug|iPhoneSimulator.ActiveCfg = Debug|Any CPU
		{52D4D94B-E9B2-4025-8C38-2BC2CF248151}.Debug|iPhoneSimulator.Build.0 = Debug|Any CPU
		{52D4D94B-E9B2-4025-8C38-2BC2CF248151}.Debug|iPhoneSimulator.Deploy.0 = Debug|Any CPU
		{52D4D94B-E9B2-4025-8C38-2BC2CF248151}.Debug|x64.ActiveCfg = Debug|Any CPU
		{52D4D94B-E9B2-4025-8C38-2BC2CF248151}.Debug|x64.Build.0 = Debug|Any CPU
		{52D4D94B-E9B2-4025-8C38-2BC2CF248151}.Debug|x64.Deploy.0 = Debug|Any CPU
		{52D4D94B-E9B2-4025-8C38-2BC2CF248151}.Debug|x86.ActiveCfg = Debug|Any CPU
		{52D4D94B-E9B2-4025-8C38-2BC2CF248151}.Debug|x86.Build.0 = Debug|Any CPU
		{52D4D94B-E9B2-4025-8C38-2BC2CF248151}.Debug|x86.Deploy.0 = Debug|Any CPU
		{52D4D94B-E9B2-4025-8C38-2BC2CF248151}.Release|Any CPU.ActiveCfg = Release|Any CPU
		{52D4D94B-E9B2-4025-8C38-2BC2CF248151}.Release|Any CPU.Build.0 = Release|Any CPU
		{52D4D94B-E9B2-4025-8C38-2BC2CF248151}.Release|Any CPU.Deploy.0 = Release|Any CPU
		{52D4D94B-E9B2-4025-8C38-2BC2CF248151}.Release|ARM.ActiveCfg = Release|Any CPU
		{52D4D94B-E9B2-4025-8C38-2BC2CF248151}.Release|ARM.Build.0 = Release|Any CPU
		{52D4D94B-E9B2-4025-8C38-2BC2CF248151}.Release|ARM.Deploy.0 = Release|Any CPU
		{52D4D94B-E9B2-4025-8C38-2BC2CF248151}.Release|iPhone.ActiveCfg = Release|Any CPU
		{52D4D94B-E9B2-4025-8C38-2BC2CF248151}.Release|iPhone.Build.0 = Release|Any CPU
		{52D4D94B-E9B2-4025-8C38-2BC2CF248151}.Release|iPhone.Deploy.0 = Release|Any CPU
		{52D4D94B-E9B2-4025-8C38-2BC2CF248151}.Release|iPhoneSimulator.ActiveCfg = Release|Any CPU
		{52D4D94B-E9B2-4025-8C38-2BC2CF248151}.Release|iPhoneSimulator.Build.0 = Release|Any CPU
		{52D4D94B-E9B2-4025-8C38-2BC2CF248151}.Release|iPhoneSimulator.Deploy.0 = Release|Any CPU
		{52D4D94B-E9B2-4025-8C38-2BC2CF248151}.Release|x64.ActiveCfg = Release|Any CPU
		{52D4D94B-E9B2-4025-8C38-2BC2CF248151}.Release|x64.Build.0 = Release|Any CPU
		{52D4D94B-E9B2-4025-8C38-2BC2CF248151}.Release|x64.Deploy.0 = Release|Any CPU
		{52D4D94B-E9B2-4025-8C38-2BC2CF248151}.Release|x86.ActiveCfg = Release|Any CPU
		{52D4D94B-E9B2-4025-8C38-2BC2CF248151}.Release|x86.Build.0 = Release|Any CPU
		{52D4D94B-E9B2-4025-8C38-2BC2CF248151}.Release|x86.Deploy.0 = Release|Any CPU
		{AE74411D-50BB-4B82-9B61-61155E8F369D}.Ad-Hoc|Any CPU.ActiveCfg = Ad-Hoc|iPhone
		{AE74411D-50BB-4B82-9B61-61155E8F369D}.Ad-Hoc|ARM.ActiveCfg = Ad-Hoc|iPhone
		{AE74411D-50BB-4B82-9B61-61155E8F369D}.Ad-Hoc|iPhone.ActiveCfg = Ad-Hoc|iPhone
		{AE74411D-50BB-4B82-9B61-61155E8F369D}.Ad-Hoc|iPhone.Build.0 = Ad-Hoc|iPhone
		{AE74411D-50BB-4B82-9B61-61155E8F369D}.Ad-Hoc|iPhoneSimulator.ActiveCfg = Ad-Hoc|iPhoneSimulator
		{AE74411D-50BB-4B82-9B61-61155E8F369D}.Ad-Hoc|iPhoneSimulator.Build.0 = Ad-Hoc|iPhoneSimulator
		{AE74411D-50BB-4B82-9B61-61155E8F369D}.Ad-Hoc|x64.ActiveCfg = Ad-Hoc|iPhone
		{AE74411D-50BB-4B82-9B61-61155E8F369D}.Ad-Hoc|x86.ActiveCfg = Ad-Hoc|iPhone
		{AE74411D-50BB-4B82-9B61-61155E8F369D}.AppStore|Any CPU.ActiveCfg = AppStore|iPhone
		{AE74411D-50BB-4B82-9B61-61155E8F369D}.AppStore|ARM.ActiveCfg = AppStore|iPhone
		{AE74411D-50BB-4B82-9B61-61155E8F369D}.AppStore|iPhone.ActiveCfg = AppStore|iPhone
		{AE74411D-50BB-4B82-9B61-61155E8F369D}.AppStore|iPhone.Build.0 = AppStore|iPhone
		{AE74411D-50BB-4B82-9B61-61155E8F369D}.AppStore|iPhoneSimulator.ActiveCfg = AppStore|iPhoneSimulator
		{AE74411D-50BB-4B82-9B61-61155E8F369D}.AppStore|iPhoneSimulator.Build.0 = AppStore|iPhoneSimulator
		{AE74411D-50BB-4B82-9B61-61155E8F369D}.AppStore|x64.ActiveCfg = AppStore|iPhone
		{AE74411D-50BB-4B82-9B61-61155E8F369D}.AppStore|x86.ActiveCfg = AppStore|iPhone
		{AE74411D-50BB-4B82-9B61-61155E8F369D}.Debug|Any CPU.ActiveCfg = Debug|iPhone
		{AE74411D-50BB-4B82-9B61-61155E8F369D}.Debug|ARM.ActiveCfg = Debug|iPhone
		{AE74411D-50BB-4B82-9B61-61155E8F369D}.Debug|iPhone.ActiveCfg = Debug|iPhone
		{AE74411D-50BB-4B82-9B61-61155E8F369D}.Debug|iPhone.Build.0 = Debug|iPhone
		{AE74411D-50BB-4B82-9B61-61155E8F369D}.Debug|iPhoneSimulator.ActiveCfg = Debug|iPhoneSimulator
		{AE74411D-50BB-4B82-9B61-61155E8F369D}.Debug|iPhoneSimulator.Build.0 = Debug|iPhoneSimulator
		{AE74411D-50BB-4B82-9B61-61155E8F369D}.Debug|x64.ActiveCfg = Debug|iPhone
		{AE74411D-50BB-4B82-9B61-61155E8F369D}.Debug|x86.ActiveCfg = Debug|iPhone
		{AE74411D-50BB-4B82-9B61-61155E8F369D}.Release|Any CPU.ActiveCfg = Release|iPhone
		{AE74411D-50BB-4B82-9B61-61155E8F369D}.Release|ARM.ActiveCfg = Release|iPhone
		{AE74411D-50BB-4B82-9B61-61155E8F369D}.Release|iPhone.ActiveCfg = Release|iPhone
		{AE74411D-50BB-4B82-9B61-61155E8F369D}.Release|iPhone.Build.0 = Release|iPhone
		{AE74411D-50BB-4B82-9B61-61155E8F369D}.Release|iPhoneSimulator.ActiveCfg = Release|iPhoneSimulator
		{AE74411D-50BB-4B82-9B61-61155E8F369D}.Release|iPhoneSimulator.Build.0 = Release|iPhoneSimulator
		{AE74411D-50BB-4B82-9B61-61155E8F369D}.Release|x64.ActiveCfg = Release|iPhone
		{AE74411D-50BB-4B82-9B61-61155E8F369D}.Release|x86.ActiveCfg = Release|iPhone
		{1135056F-808B-40BE-8D63-3CA376EC8CC4}.Ad-Hoc|Any CPU.ActiveCfg = Release|Any CPU
		{1135056F-808B-40BE-8D63-3CA376EC8CC4}.Ad-Hoc|Any CPU.Build.0 = Release|Any CPU
		{1135056F-808B-40BE-8D63-3CA376EC8CC4}.Ad-Hoc|Any CPU.Deploy.0 = Release|Any CPU
		{1135056F-808B-40BE-8D63-3CA376EC8CC4}.Ad-Hoc|ARM.ActiveCfg = Release|ARM
		{1135056F-808B-40BE-8D63-3CA376EC8CC4}.Ad-Hoc|ARM.Build.0 = Release|ARM
		{1135056F-808B-40BE-8D63-3CA376EC8CC4}.Ad-Hoc|ARM.Deploy.0 = Release|ARM
		{1135056F-808B-40BE-8D63-3CA376EC8CC4}.Ad-Hoc|iPhone.ActiveCfg = Release|Any CPU
		{1135056F-808B-40BE-8D63-3CA376EC8CC4}.Ad-Hoc|iPhone.Build.0 = Release|Any CPU
		{1135056F-808B-40BE-8D63-3CA376EC8CC4}.Ad-Hoc|iPhone.Deploy.0 = Release|Any CPU
		{1135056F-808B-40BE-8D63-3CA376EC8CC4}.Ad-Hoc|iPhoneSimulator.ActiveCfg = Release|Any CPU
		{1135056F-808B-40BE-8D63-3CA376EC8CC4}.Ad-Hoc|iPhoneSimulator.Build.0 = Release|Any CPU
		{1135056F-808B-40BE-8D63-3CA376EC8CC4}.Ad-Hoc|iPhoneSimulator.Deploy.0 = Release|Any CPU
		{1135056F-808B-40BE-8D63-3CA376EC8CC4}.Ad-Hoc|x64.ActiveCfg = Release|Any CPU
		{1135056F-808B-40BE-8D63-3CA376EC8CC4}.Ad-Hoc|x64.Build.0 = Release|Any CPU
		{1135056F-808B-40BE-8D63-3CA376EC8CC4}.Ad-Hoc|x64.Deploy.0 = Release|Any CPU
		{1135056F-808B-40BE-8D63-3CA376EC8CC4}.Ad-Hoc|x86.ActiveCfg = Release|x86
		{1135056F-808B-40BE-8D63-3CA376EC8CC4}.Ad-Hoc|x86.Build.0 = Release|x86
		{1135056F-808B-40BE-8D63-3CA376EC8CC4}.Ad-Hoc|x86.Deploy.0 = Release|x86
		{1135056F-808B-40BE-8D63-3CA376EC8CC4}.AppStore|Any CPU.ActiveCfg = Release|Any CPU
		{1135056F-808B-40BE-8D63-3CA376EC8CC4}.AppStore|Any CPU.Build.0 = Release|Any CPU
		{1135056F-808B-40BE-8D63-3CA376EC8CC4}.AppStore|Any CPU.Deploy.0 = Release|Any CPU
		{1135056F-808B-40BE-8D63-3CA376EC8CC4}.AppStore|ARM.ActiveCfg = Release|ARM
		{1135056F-808B-40BE-8D63-3CA376EC8CC4}.AppStore|ARM.Build.0 = Release|ARM
		{1135056F-808B-40BE-8D63-3CA376EC8CC4}.AppStore|ARM.Deploy.0 = Release|ARM
		{1135056F-808B-40BE-8D63-3CA376EC8CC4}.AppStore|iPhone.ActiveCfg = Release|Any CPU
		{1135056F-808B-40BE-8D63-3CA376EC8CC4}.AppStore|iPhone.Build.0 = Release|Any CPU
		{1135056F-808B-40BE-8D63-3CA376EC8CC4}.AppStore|iPhone.Deploy.0 = Release|Any CPU
		{1135056F-808B-40BE-8D63-3CA376EC8CC4}.AppStore|iPhoneSimulator.ActiveCfg = Release|Any CPU
		{1135056F-808B-40BE-8D63-3CA376EC8CC4}.AppStore|iPhoneSimulator.Build.0 = Release|Any CPU
		{1135056F-808B-40BE-8D63-3CA376EC8CC4}.AppStore|iPhoneSimulator.Deploy.0 = Release|Any CPU
		{1135056F-808B-40BE-8D63-3CA376EC8CC4}.AppStore|x64.ActiveCfg = Release|Any CPU
		{1135056F-808B-40BE-8D63-3CA376EC8CC4}.AppStore|x64.Build.0 = Release|Any CPU
		{1135056F-808B-40BE-8D63-3CA376EC8CC4}.AppStore|x64.Deploy.0 = Release|Any CPU
		{1135056F-808B-40BE-8D63-3CA376EC8CC4}.AppStore|x86.ActiveCfg = Release|x86
		{1135056F-808B-40BE-8D63-3CA376EC8CC4}.AppStore|x86.Build.0 = Release|x86
		{1135056F-808B-40BE-8D63-3CA376EC8CC4}.AppStore|x86.Deploy.0 = Release|x86
		{1135056F-808B-40BE-8D63-3CA376EC8CC4}.Debug|Any CPU.ActiveCfg = Debug|Any CPU
		{1135056F-808B-40BE-8D63-3CA376EC8CC4}.Debug|Any CPU.Build.0 = Debug|Any CPU
		{1135056F-808B-40BE-8D63-3CA376EC8CC4}.Debug|Any CPU.Deploy.0 = Debug|Any CPU
		{1135056F-808B-40BE-8D63-3CA376EC8CC4}.Debug|ARM.ActiveCfg = Debug|ARM
		{1135056F-808B-40BE-8D63-3CA376EC8CC4}.Debug|ARM.Build.0 = Debug|ARM
		{1135056F-808B-40BE-8D63-3CA376EC8CC4}.Debug|ARM.Deploy.0 = Debug|ARM
		{1135056F-808B-40BE-8D63-3CA376EC8CC4}.Debug|iPhone.ActiveCfg = Debug|Any CPU
		{1135056F-808B-40BE-8D63-3CA376EC8CC4}.Debug|iPhone.Build.0 = Debug|Any CPU
		{1135056F-808B-40BE-8D63-3CA376EC8CC4}.Debug|iPhone.Deploy.0 = Debug|Any CPU
		{1135056F-808B-40BE-8D63-3CA376EC8CC4}.Debug|iPhoneSimulator.ActiveCfg = Debug|Any CPU
		{1135056F-808B-40BE-8D63-3CA376EC8CC4}.Debug|iPhoneSimulator.Build.0 = Debug|Any CPU
		{1135056F-808B-40BE-8D63-3CA376EC8CC4}.Debug|iPhoneSimulator.Deploy.0 = Debug|Any CPU
		{1135056F-808B-40BE-8D63-3CA376EC8CC4}.Debug|x64.ActiveCfg = Debug|Any CPU
		{1135056F-808B-40BE-8D63-3CA376EC8CC4}.Debug|x64.Build.0 = Debug|Any CPU
		{1135056F-808B-40BE-8D63-3CA376EC8CC4}.Debug|x64.Deploy.0 = Debug|Any CPU
		{1135056F-808B-40BE-8D63-3CA376EC8CC4}.Debug|x86.ActiveCfg = Debug|x86
		{1135056F-808B-40BE-8D63-3CA376EC8CC4}.Debug|x86.Build.0 = Debug|x86
		{1135056F-808B-40BE-8D63-3CA376EC8CC4}.Debug|x86.Deploy.0 = Debug|x86
		{1135056F-808B-40BE-8D63-3CA376EC8CC4}.Release|Any CPU.ActiveCfg = Release|Any CPU
		{1135056F-808B-40BE-8D63-3CA376EC8CC4}.Release|Any CPU.Build.0 = Release|Any CPU
		{1135056F-808B-40BE-8D63-3CA376EC8CC4}.Release|Any CPU.Deploy.0 = Release|Any CPU
		{1135056F-808B-40BE-8D63-3CA376EC8CC4}.Release|ARM.ActiveCfg = Release|ARM
		{1135056F-808B-40BE-8D63-3CA376EC8CC4}.Release|ARM.Build.0 = Release|ARM
		{1135056F-808B-40BE-8D63-3CA376EC8CC4}.Release|ARM.Deploy.0 = Release|ARM
		{1135056F-808B-40BE-8D63-3CA376EC8CC4}.Release|iPhone.ActiveCfg = Release|Any CPU
		{1135056F-808B-40BE-8D63-3CA376EC8CC4}.Release|iPhone.Build.0 = Release|Any CPU
		{1135056F-808B-40BE-8D63-3CA376EC8CC4}.Release|iPhone.Deploy.0 = Release|Any CPU
		{1135056F-808B-40BE-8D63-3CA376EC8CC4}.Release|iPhoneSimulator.ActiveCfg = Release|Any CPU
		{1135056F-808B-40BE-8D63-3CA376EC8CC4}.Release|iPhoneSimulator.Build.0 = Release|Any CPU
		{1135056F-808B-40BE-8D63-3CA376EC8CC4}.Release|iPhoneSimulator.Deploy.0 = Release|Any CPU
		{1135056F-808B-40BE-8D63-3CA376EC8CC4}.Release|x64.ActiveCfg = Release|Any CPU
		{1135056F-808B-40BE-8D63-3CA376EC8CC4}.Release|x64.Build.0 = Release|Any CPU
		{1135056F-808B-40BE-8D63-3CA376EC8CC4}.Release|x64.Deploy.0 = Release|Any CPU
		{1135056F-808B-40BE-8D63-3CA376EC8CC4}.Release|x86.ActiveCfg = Release|x86
		{1135056F-808B-40BE-8D63-3CA376EC8CC4}.Release|x86.Build.0 = Release|x86
		{1135056F-808B-40BE-8D63-3CA376EC8CC4}.Release|x86.Deploy.0 = Release|x86
		{74001E59-DD65-4E4C-AFD2-07F134C12887}.Ad-Hoc|Any CPU.ActiveCfg = Release|x86
		{74001E59-DD65-4E4C-AFD2-07F134C12887}.Ad-Hoc|Any CPU.Build.0 = Release|x86
		{74001E59-DD65-4E4C-AFD2-07F134C12887}.Ad-Hoc|Any CPU.Deploy.0 = Release|x86
		{74001E59-DD65-4E4C-AFD2-07F134C12887}.Ad-Hoc|ARM.ActiveCfg = Release|ARM
		{74001E59-DD65-4E4C-AFD2-07F134C12887}.Ad-Hoc|ARM.Build.0 = Release|ARM
		{74001E59-DD65-4E4C-AFD2-07F134C12887}.Ad-Hoc|ARM.Deploy.0 = Release|ARM
		{74001E59-DD65-4E4C-AFD2-07F134C12887}.Ad-Hoc|iPhone.ActiveCfg = Release|x86
		{74001E59-DD65-4E4C-AFD2-07F134C12887}.Ad-Hoc|iPhone.Build.0 = Release|x86
		{74001E59-DD65-4E4C-AFD2-07F134C12887}.Ad-Hoc|iPhone.Deploy.0 = Release|x86
		{74001E59-DD65-4E4C-AFD2-07F134C12887}.Ad-Hoc|iPhoneSimulator.ActiveCfg = Release|x86
		{74001E59-DD65-4E4C-AFD2-07F134C12887}.Ad-Hoc|iPhoneSimulator.Build.0 = Release|x86
		{74001E59-DD65-4E4C-AFD2-07F134C12887}.Ad-Hoc|iPhoneSimulator.Deploy.0 = Release|x86
		{74001E59-DD65-4E4C-AFD2-07F134C12887}.Ad-Hoc|x64.ActiveCfg = Release|x64
		{74001E59-DD65-4E4C-AFD2-07F134C12887}.Ad-Hoc|x64.Build.0 = Release|x64
		{74001E59-DD65-4E4C-AFD2-07F134C12887}.Ad-Hoc|x64.Deploy.0 = Release|x64
		{74001E59-DD65-4E4C-AFD2-07F134C12887}.Ad-Hoc|x86.ActiveCfg = Release|x86
		{74001E59-DD65-4E4C-AFD2-07F134C12887}.Ad-Hoc|x86.Build.0 = Release|x86
		{74001E59-DD65-4E4C-AFD2-07F134C12887}.Ad-Hoc|x86.Deploy.0 = Release|x86
		{74001E59-DD65-4E4C-AFD2-07F134C12887}.AppStore|Any CPU.ActiveCfg = Release|x86
		{74001E59-DD65-4E4C-AFD2-07F134C12887}.AppStore|Any CPU.Build.0 = Release|x86
		{74001E59-DD65-4E4C-AFD2-07F134C12887}.AppStore|Any CPU.Deploy.0 = Release|x86
		{74001E59-DD65-4E4C-AFD2-07F134C12887}.AppStore|ARM.ActiveCfg = Release|ARM
		{74001E59-DD65-4E4C-AFD2-07F134C12887}.AppStore|ARM.Build.0 = Release|ARM
		{74001E59-DD65-4E4C-AFD2-07F134C12887}.AppStore|ARM.Deploy.0 = Release|ARM
		{74001E59-DD65-4E4C-AFD2-07F134C12887}.AppStore|iPhone.ActiveCfg = Release|x86
		{74001E59-DD65-4E4C-AFD2-07F134C12887}.AppStore|iPhone.Build.0 = Release|x86
		{74001E59-DD65-4E4C-AFD2-07F134C12887}.AppStore|iPhone.Deploy.0 = Release|x86
		{74001E59-DD65-4E4C-AFD2-07F134C12887}.AppStore|iPhoneSimulator.ActiveCfg = Release|x86
		{74001E59-DD65-4E4C-AFD2-07F134C12887}.AppStore|iPhoneSimulator.Build.0 = Release|x86
		{74001E59-DD65-4E4C-AFD2-07F134C12887}.AppStore|iPhoneSimulator.Deploy.0 = Release|x86
		{74001E59-DD65-4E4C-AFD2-07F134C12887}.AppStore|x64.ActiveCfg = Release|x64
		{74001E59-DD65-4E4C-AFD2-07F134C12887}.AppStore|x64.Build.0 = Release|x64
		{74001E59-DD65-4E4C-AFD2-07F134C12887}.AppStore|x64.Deploy.0 = Release|x64
		{74001E59-DD65-4E4C-AFD2-07F134C12887}.AppStore|x86.ActiveCfg = Release|x86
		{74001E59-DD65-4E4C-AFD2-07F134C12887}.AppStore|x86.Build.0 = Release|x86
		{74001E59-DD65-4E4C-AFD2-07F134C12887}.AppStore|x86.Deploy.0 = Release|x86
		{74001E59-DD65-4E4C-AFD2-07F134C12887}.Debug|Any CPU.ActiveCfg = Debug|x86
		{74001E59-DD65-4E4C-AFD2-07F134C12887}.Debug|ARM.ActiveCfg = Debug|ARM
		{74001E59-DD65-4E4C-AFD2-07F134C12887}.Debug|ARM.Build.0 = Debug|ARM
		{74001E59-DD65-4E4C-AFD2-07F134C12887}.Debug|ARM.Deploy.0 = Debug|ARM
		{74001E59-DD65-4E4C-AFD2-07F134C12887}.Debug|iPhone.ActiveCfg = Debug|x86
		{74001E59-DD65-4E4C-AFD2-07F134C12887}.Debug|iPhoneSimulator.ActiveCfg = Debug|x86
		{74001E59-DD65-4E4C-AFD2-07F134C12887}.Debug|x64.ActiveCfg = Debug|x64
		{74001E59-DD65-4E4C-AFD2-07F134C12887}.Debug|x64.Build.0 = Debug|x64
		{74001E59-DD65-4E4C-AFD2-07F134C12887}.Debug|x64.Deploy.0 = Debug|x64
		{74001E59-DD65-4E4C-AFD2-07F134C12887}.Debug|x86.ActiveCfg = Debug|x86
		{74001E59-DD65-4E4C-AFD2-07F134C12887}.Debug|x86.Build.0 = Debug|x86
		{74001E59-DD65-4E4C-AFD2-07F134C12887}.Debug|x86.Deploy.0 = Debug|x86
		{74001E59-DD65-4E4C-AFD2-07F134C12887}.Release|Any CPU.ActiveCfg = Release|x86
		{74001E59-DD65-4E4C-AFD2-07F134C12887}.Release|ARM.ActiveCfg = Release|ARM
		{74001E59-DD65-4E4C-AFD2-07F134C12887}.Release|ARM.Build.0 = Release|ARM
		{74001E59-DD65-4E4C-AFD2-07F134C12887}.Release|ARM.Deploy.0 = Release|ARM
		{74001E59-DD65-4E4C-AFD2-07F134C12887}.Release|iPhone.ActiveCfg = Release|x86
		{74001E59-DD65-4E4C-AFD2-07F134C12887}.Release|iPhoneSimulator.ActiveCfg = Release|x86
		{74001E59-DD65-4E4C-AFD2-07F134C12887}.Release|x64.ActiveCfg = Release|x64
		{74001E59-DD65-4E4C-AFD2-07F134C12887}.Release|x64.Build.0 = Release|x64
		{74001E59-DD65-4E4C-AFD2-07F134C12887}.Release|x64.Deploy.0 = Release|x64
		{74001E59-DD65-4E4C-AFD2-07F134C12887}.Release|x86.ActiveCfg = Release|x86
		{74001E59-DD65-4E4C-AFD2-07F134C12887}.Release|x86.Build.0 = Release|x86
		{74001E59-DD65-4E4C-AFD2-07F134C12887}.Release|x86.Deploy.0 = Release|x86
		{90D87639-D7C4-44E1-A12D-A23BBDD6E430}.Ad-Hoc|Any CPU.ActiveCfg = Release|Any CPU
		{90D87639-D7C4-44E1-A12D-A23BBDD6E430}.Ad-Hoc|Any CPU.Build.0 = Release|Any CPU
		{90D87639-D7C4-44E1-A12D-A23BBDD6E430}.Ad-Hoc|Any CPU.Deploy.0 = Release|Any CPU
		{90D87639-D7C4-44E1-A12D-A23BBDD6E430}.Ad-Hoc|ARM.ActiveCfg = Release|ARM
		{90D87639-D7C4-44E1-A12D-A23BBDD6E430}.Ad-Hoc|ARM.Build.0 = Release|ARM
		{90D87639-D7C4-44E1-A12D-A23BBDD6E430}.Ad-Hoc|ARM.Deploy.0 = Release|ARM
		{90D87639-D7C4-44E1-A12D-A23BBDD6E430}.Ad-Hoc|iPhone.ActiveCfg = Release|Any CPU
		{90D87639-D7C4-44E1-A12D-A23BBDD6E430}.Ad-Hoc|iPhone.Build.0 = Release|Any CPU
		{90D87639-D7C4-44E1-A12D-A23BBDD6E430}.Ad-Hoc|iPhone.Deploy.0 = Release|Any CPU
		{90D87639-D7C4-44E1-A12D-A23BBDD6E430}.Ad-Hoc|iPhoneSimulator.ActiveCfg = Release|Any CPU
		{90D87639-D7C4-44E1-A12D-A23BBDD6E430}.Ad-Hoc|iPhoneSimulator.Build.0 = Release|Any CPU
		{90D87639-D7C4-44E1-A12D-A23BBDD6E430}.Ad-Hoc|iPhoneSimulator.Deploy.0 = Release|Any CPU
		{90D87639-D7C4-44E1-A12D-A23BBDD6E430}.Ad-Hoc|x64.ActiveCfg = Release|x64
		{90D87639-D7C4-44E1-A12D-A23BBDD6E430}.Ad-Hoc|x64.Build.0 = Release|x64
		{90D87639-D7C4-44E1-A12D-A23BBDD6E430}.Ad-Hoc|x64.Deploy.0 = Release|x64
		{90D87639-D7C4-44E1-A12D-A23BBDD6E430}.Ad-Hoc|x86.ActiveCfg = Release|x86
		{90D87639-D7C4-44E1-A12D-A23BBDD6E430}.Ad-Hoc|x86.Build.0 = Release|x86
		{90D87639-D7C4-44E1-A12D-A23BBDD6E430}.Ad-Hoc|x86.Deploy.0 = Release|x86
		{90D87639-D7C4-44E1-A12D-A23BBDD6E430}.AppStore|Any CPU.ActiveCfg = Release|Any CPU
		{90D87639-D7C4-44E1-A12D-A23BBDD6E430}.AppStore|Any CPU.Build.0 = Release|Any CPU
		{90D87639-D7C4-44E1-A12D-A23BBDD6E430}.AppStore|Any CPU.Deploy.0 = Release|Any CPU
		{90D87639-D7C4-44E1-A12D-A23BBDD6E430}.AppStore|ARM.ActiveCfg = Release|ARM
		{90D87639-D7C4-44E1-A12D-A23BBDD6E430}.AppStore|ARM.Build.0 = Release|ARM
		{90D87639-D7C4-44E1-A12D-A23BBDD6E430}.AppStore|ARM.Deploy.0 = Release|ARM
		{90D87639-D7C4-44E1-A12D-A23BBDD6E430}.AppStore|iPhone.ActiveCfg = Release|Any CPU
		{90D87639-D7C4-44E1-A12D-A23BBDD6E430}.AppStore|iPhone.Build.0 = Release|Any CPU
		{90D87639-D7C4-44E1-A12D-A23BBDD6E430}.AppStore|iPhone.Deploy.0 = Release|Any CPU
		{90D87639-D7C4-44E1-A12D-A23BBDD6E430}.AppStore|iPhoneSimulator.ActiveCfg = Release|Any CPU
		{90D87639-D7C4-44E1-A12D-A23BBDD6E430}.AppStore|iPhoneSimulator.Build.0 = Release|Any CPU
		{90D87639-D7C4-44E1-A12D-A23BBDD6E430}.AppStore|iPhoneSimulator.Deploy.0 = Release|Any CPU
		{90D87639-D7C4-44E1-A12D-A23BBDD6E430}.AppStore|x64.ActiveCfg = Release|x64
		{90D87639-D7C4-44E1-A12D-A23BBDD6E430}.AppStore|x64.Build.0 = Release|x64
		{90D87639-D7C4-44E1-A12D-A23BBDD6E430}.AppStore|x64.Deploy.0 = Release|x64
		{90D87639-D7C4-44E1-A12D-A23BBDD6E430}.AppStore|x86.ActiveCfg = Release|x86
		{90D87639-D7C4-44E1-A12D-A23BBDD6E430}.AppStore|x86.Build.0 = Release|x86
		{90D87639-D7C4-44E1-A12D-A23BBDD6E430}.AppStore|x86.Deploy.0 = Release|x86
		{90D87639-D7C4-44E1-A12D-A23BBDD6E430}.Debug|Any CPU.ActiveCfg = Debug|Any CPU
		{90D87639-D7C4-44E1-A12D-A23BBDD6E430}.Debug|Any CPU.Build.0 = Debug|Any CPU
		{90D87639-D7C4-44E1-A12D-A23BBDD6E430}.Debug|Any CPU.Deploy.0 = Debug|Any CPU
		{90D87639-D7C4-44E1-A12D-A23BBDD6E430}.Debug|ARM.ActiveCfg = Debug|ARM
		{90D87639-D7C4-44E1-A12D-A23BBDD6E430}.Debug|ARM.Build.0 = Debug|ARM
		{90D87639-D7C4-44E1-A12D-A23BBDD6E430}.Debug|ARM.Deploy.0 = Debug|ARM
		{90D87639-D7C4-44E1-A12D-A23BBDD6E430}.Debug|iPhone.ActiveCfg = Debug|Any CPU
		{90D87639-D7C4-44E1-A12D-A23BBDD6E430}.Debug|iPhone.Build.0 = Debug|Any CPU
		{90D87639-D7C4-44E1-A12D-A23BBDD6E430}.Debug|iPhone.Deploy.0 = Debug|Any CPU
		{90D87639-D7C4-44E1-A12D-A23BBDD6E430}.Debug|iPhoneSimulator.ActiveCfg = Debug|Any CPU
		{90D87639-D7C4-44E1-A12D-A23BBDD6E430}.Debug|iPhoneSimulator.Build.0 = Debug|Any CPU
		{90D87639-D7C4-44E1-A12D-A23BBDD6E430}.Debug|iPhoneSimulator.Deploy.0 = Debug|Any CPU
		{90D87639-D7C4-44E1-A12D-A23BBDD6E430}.Debug|x64.ActiveCfg = Debug|x64
		{90D87639-D7C4-44E1-A12D-A23BBDD6E430}.Debug|x64.Build.0 = Debug|x64
		{90D87639-D7C4-44E1-A12D-A23BBDD6E430}.Debug|x64.Deploy.0 = Debug|x64
		{90D87639-D7C4-44E1-A12D-A23BBDD6E430}.Debug|x86.ActiveCfg = Debug|x86
		{90D87639-D7C4-44E1-A12D-A23BBDD6E430}.Debug|x86.Build.0 = Debug|x86
		{90D87639-D7C4-44E1-A12D-A23BBDD6E430}.Debug|x86.Deploy.0 = Debug|x86
		{90D87639-D7C4-44E1-A12D-A23BBDD6E430}.Release|Any CPU.ActiveCfg = Release|Any CPU
		{90D87639-D7C4-44E1-A12D-A23BBDD6E430}.Release|Any CPU.Build.0 = Release|Any CPU
		{90D87639-D7C4-44E1-A12D-A23BBDD6E430}.Release|Any CPU.Deploy.0 = Release|Any CPU
		{90D87639-D7C4-44E1-A12D-A23BBDD6E430}.Release|ARM.ActiveCfg = Release|ARM
		{90D87639-D7C4-44E1-A12D-A23BBDD6E430}.Release|ARM.Build.0 = Release|ARM
		{90D87639-D7C4-44E1-A12D-A23BBDD6E430}.Release|ARM.Deploy.0 = Release|ARM
		{90D87639-D7C4-44E1-A12D-A23BBDD6E430}.Release|iPhone.ActiveCfg = Release|Any CPU
		{90D87639-D7C4-44E1-A12D-A23BBDD6E430}.Release|iPhone.Build.0 = Release|Any CPU
		{90D87639-D7C4-44E1-A12D-A23BBDD6E430}.Release|iPhone.Deploy.0 = Release|Any CPU
		{90D87639-D7C4-44E1-A12D-A23BBDD6E430}.Release|iPhoneSimulator.ActiveCfg = Release|Any CPU
		{90D87639-D7C4-44E1-A12D-A23BBDD6E430}.Release|iPhoneSimulator.Build.0 = Release|Any CPU
		{90D87639-D7C4-44E1-A12D-A23BBDD6E430}.Release|iPhoneSimulator.Deploy.0 = Release|Any CPU
		{90D87639-D7C4-44E1-A12D-A23BBDD6E430}.Release|x64.ActiveCfg = Release|x64
		{90D87639-D7C4-44E1-A12D-A23BBDD6E430}.Release|x64.Build.0 = Release|x64
		{90D87639-D7C4-44E1-A12D-A23BBDD6E430}.Release|x64.Deploy.0 = Release|x64
		{90D87639-D7C4-44E1-A12D-A23BBDD6E430}.Release|x86.ActiveCfg = Release|x86
		{90D87639-D7C4-44E1-A12D-A23BBDD6E430}.Release|x86.Build.0 = Release|x86
		{90D87639-D7C4-44E1-A12D-A23BBDD6E430}.Release|x86.Deploy.0 = Release|x86
		{402A6087-6FA3-4ADD-B8FF-9083AF47BA4C}.Ad-Hoc|Any CPU.ActiveCfg = Release|Any CPU
		{402A6087-6FA3-4ADD-B8FF-9083AF47BA4C}.Ad-Hoc|Any CPU.Build.0 = Release|Any CPU
		{402A6087-6FA3-4ADD-B8FF-9083AF47BA4C}.Ad-Hoc|ARM.ActiveCfg = Release|Any CPU
		{402A6087-6FA3-4ADD-B8FF-9083AF47BA4C}.Ad-Hoc|ARM.Build.0 = Release|Any CPU
		{402A6087-6FA3-4ADD-B8FF-9083AF47BA4C}.Ad-Hoc|iPhone.ActiveCfg = Release|Any CPU
		{402A6087-6FA3-4ADD-B8FF-9083AF47BA4C}.Ad-Hoc|iPhone.Build.0 = Release|Any CPU
		{402A6087-6FA3-4ADD-B8FF-9083AF47BA4C}.Ad-Hoc|iPhoneSimulator.ActiveCfg = Release|Any CPU
		{402A6087-6FA3-4ADD-B8FF-9083AF47BA4C}.Ad-Hoc|iPhoneSimulator.Build.0 = Release|Any CPU
		{402A6087-6FA3-4ADD-B8FF-9083AF47BA4C}.Ad-Hoc|x64.ActiveCfg = Release|Any CPU
		{402A6087-6FA3-4ADD-B8FF-9083AF47BA4C}.Ad-Hoc|x64.Build.0 = Release|Any CPU
		{402A6087-6FA3-4ADD-B8FF-9083AF47BA4C}.Ad-Hoc|x86.ActiveCfg = Release|Any CPU
		{402A6087-6FA3-4ADD-B8FF-9083AF47BA4C}.Ad-Hoc|x86.Build.0 = Release|Any CPU
		{402A6087-6FA3-4ADD-B8FF-9083AF47BA4C}.AppStore|Any CPU.ActiveCfg = Release|Any CPU
		{402A6087-6FA3-4ADD-B8FF-9083AF47BA4C}.AppStore|Any CPU.Build.0 = Release|Any CPU
		{402A6087-6FA3-4ADD-B8FF-9083AF47BA4C}.AppStore|ARM.ActiveCfg = Release|Any CPU
		{402A6087-6FA3-4ADD-B8FF-9083AF47BA4C}.AppStore|ARM.Build.0 = Release|Any CPU
		{402A6087-6FA3-4ADD-B8FF-9083AF47BA4C}.AppStore|iPhone.ActiveCfg = Release|Any CPU
		{402A6087-6FA3-4ADD-B8FF-9083AF47BA4C}.AppStore|iPhone.Build.0 = Release|Any CPU
		{402A6087-6FA3-4ADD-B8FF-9083AF47BA4C}.AppStore|iPhoneSimulator.ActiveCfg = Release|Any CPU
		{402A6087-6FA3-4ADD-B8FF-9083AF47BA4C}.AppStore|iPhoneSimulator.Build.0 = Release|Any CPU
		{402A6087-6FA3-4ADD-B8FF-9083AF47BA4C}.AppStore|x64.ActiveCfg = Release|Any CPU
		{402A6087-6FA3-4ADD-B8FF-9083AF47BA4C}.AppStore|x64.Build.0 = Release|Any CPU
		{402A6087-6FA3-4ADD-B8FF-9083AF47BA4C}.AppStore|x86.ActiveCfg = Release|Any CPU
		{402A6087-6FA3-4ADD-B8FF-9083AF47BA4C}.AppStore|x86.Build.0 = Release|Any CPU
		{402A6087-6FA3-4ADD-B8FF-9083AF47BA4C}.Debug|Any CPU.ActiveCfg = Debug|Any CPU
		{402A6087-6FA3-4ADD-B8FF-9083AF47BA4C}.Debug|Any CPU.Build.0 = Debug|Any CPU
		{402A6087-6FA3-4ADD-B8FF-9083AF47BA4C}.Debug|ARM.ActiveCfg = Debug|Any CPU
		{402A6087-6FA3-4ADD-B8FF-9083AF47BA4C}.Debug|ARM.Build.0 = Debug|Any CPU
		{402A6087-6FA3-4ADD-B8FF-9083AF47BA4C}.Debug|iPhone.ActiveCfg = Debug|Any CPU
		{402A6087-6FA3-4ADD-B8FF-9083AF47BA4C}.Debug|iPhone.Build.0 = Debug|Any CPU
		{402A6087-6FA3-4ADD-B8FF-9083AF47BA4C}.Debug|iPhoneSimulator.ActiveCfg = Debug|Any CPU
		{402A6087-6FA3-4ADD-B8FF-9083AF47BA4C}.Debug|iPhoneSimulator.Build.0 = Debug|Any CPU
		{402A6087-6FA3-4ADD-B8FF-9083AF47BA4C}.Debug|x64.ActiveCfg = Debug|Any CPU
		{402A6087-6FA3-4ADD-B8FF-9083AF47BA4C}.Debug|x64.Build.0 = Debug|Any CPU
		{402A6087-6FA3-4ADD-B8FF-9083AF47BA4C}.Debug|x86.ActiveCfg = Debug|Any CPU
		{402A6087-6FA3-4ADD-B8FF-9083AF47BA4C}.Debug|x86.Build.0 = Debug|Any CPU
		{402A6087-6FA3-4ADD-B8FF-9083AF47BA4C}.Release|Any CPU.ActiveCfg = Release|Any CPU
		{402A6087-6FA3-4ADD-B8FF-9083AF47BA4C}.Release|Any CPU.Build.0 = Release|Any CPU
		{402A6087-6FA3-4ADD-B8FF-9083AF47BA4C}.Release|ARM.ActiveCfg = Release|Any CPU
		{402A6087-6FA3-4ADD-B8FF-9083AF47BA4C}.Release|ARM.Build.0 = Release|Any CPU
		{402A6087-6FA3-4ADD-B8FF-9083AF47BA4C}.Release|iPhone.ActiveCfg = Release|Any CPU
		{402A6087-6FA3-4ADD-B8FF-9083AF47BA4C}.Release|iPhone.Build.0 = Release|Any CPU
		{402A6087-6FA3-4ADD-B8FF-9083AF47BA4C}.Release|iPhoneSimulator.ActiveCfg = Release|Any CPU
		{402A6087-6FA3-4ADD-B8FF-9083AF47BA4C}.Release|iPhoneSimulator.Build.0 = Release|Any CPU
		{402A6087-6FA3-4ADD-B8FF-9083AF47BA4C}.Release|x64.ActiveCfg = Release|Any CPU
		{402A6087-6FA3-4ADD-B8FF-9083AF47BA4C}.Release|x64.Build.0 = Release|Any CPU
		{402A6087-6FA3-4ADD-B8FF-9083AF47BA4C}.Release|x86.ActiveCfg = Release|Any CPU
		{402A6087-6FA3-4ADD-B8FF-9083AF47BA4C}.Release|x86.Build.0 = Release|Any CPU
	EndGlobalSection
	GlobalSection(SolutionProperties) = preSolution
		HideSolutionNode = FALSE
	EndGlobalSection
EndGlobal
